
Microsoft Visual Studio Solution File, Format Version 12.00
# Visual Studio Version 17
VisualStudioVersion = 17.8.34322.80
MinimumVisualStudioVersion = 10.0.40219.1
Project("{FAE04EC0-301F-11D3-BF4B-00C04F79EFBC}") = "IntroSingleResponsibilityPrinciple", "IntroSingleResponsibilityPrinciple\IntroSingleResponsibilityPrinciple.csproj", "{9086D9B9-2F38-42A5-B0F8-431A99B81B85}"
EndProject
Global
	GlobalSection(SolutionConfigurationPlatforms) = preSolution
		Debug|Any CPU = Debug|Any CPU
		Release|Any CPU = Release|Any CPU
	EndGlobalSection
	GlobalSection(ProjectConfigurationPlatforms) = postSolution
		{9086D9B9-2F38-42A5-B0F8-431A99B81B85}.Debug|Any CPU.ActiveCfg = Debug|Any CPU
		{9086D9B9-2F38-42A5-B0F8-431A99B81B85}.Debug|Any CPU.Build.0 = Debug|Any CPU
		{9086D9B9-2F38-42A5-B0F8-431A99B81B85}.Release|Any CPU.ActiveCfg = Release|Any CPU
		{9086D9B9-2F38-42A5-B0F8-431A99B81B85}.Release|Any CPU.Build.0 = Release|Any CPU
	EndGlobalSection
	GlobalSection(SolutionProperties) = preSolution
		HideSolutionNode = FALSE
	EndGlobalSection
	GlobalSection(ExtensibilityGlobals) = postSolution
		SolutionGuid = {5A726805-6CB4-4A2D-BEC1-943694FAFF6D}
	EndGlobalSection
EndGlobal
